
Microsoft Visual Studio Solution File, Format Version 12.00
# Visual Studio Version 16
VisualStudioVersion = 16.0.30517.126
MinimumVisualStudioVersion = 10.0.40219.1
Project("{FAE04EC0-301F-11D3-BF4B-00C04F79EFBC}") = "WindowsFormsApp1", "WindowsFormsApp1\WindowsFormsApp1.csproj", "{DBA91800-D43B-440D-A797-2BFE473F384F}"
EndProject
Global
	GlobalSection(SolutionConfigurationPlatforms) = preSolution
		Debug|Any CPU = Debug|Any CPU
		Release|Any CPU = Release|Any CPU
	EndGlobalSection
	GlobalSection(ProjectConfigurationPlatforms) = postSolution
		{DBA91800-D43B-440D-A797-2BFE473F384F}.Debug|Any CPU.ActiveCfg = Debug|Any CPU
		{DBA91800-D43B-440D-A797-2BFE473F384F}.Debug|Any CPU.Build.0 = Debug|Any CPU
		{DBA91800-D43B-440D-A797-2BFE473F384F}.Release|Any CPU.ActiveCfg = Release|Any CPU
		{DBA91800-D43B-440D-A797-2BFE473F384F}.Release|Any CPU.Build.0 = Release|Any CPU
	EndGlobalSection
	GlobalSection(SolutionProperties) = preSolution
		HideSolutionNode = FALSE
	EndGlobalSection
	GlobalSection(ExtensibilityGlobals) = postSolution
		SolutionGuid = {04A359E2-0C24-4887-86D2-8F9CFD6119E6}
	EndGlobalSection
EndGlobal
