
Microsoft Visual Studio Solution File, Format Version 12.00
# Visual Studio Version 16
VisualStudioVersion = 16.0.30517.126
MinimumVisualStudioVersion = 10.0.40219.1
Project("{FAE04EC0-301F-11D3-BF4B-00C04F79EFBC}") = "WindowsFormsApp1", "WindowsFormsApp1\WindowsFormsApp1.csproj", "{0050E5F9-9A91-4A3B-8988-68D4AFF41B82}"
EndProject
Global
	GlobalSection(SolutionConfigurationPlatforms) = preSolution
		Debug|Any CPU = Debug|Any CPU
		Release|Any CPU = Release|Any CPU
	EndGlobalSection
	GlobalSection(ProjectConfigurationPlatforms) = postSolution
		{0050E5F9-9A91-4A3B-8988-68D4AFF41B82}.Debug|Any CPU.ActiveCfg = Debug|Any CPU
		{0050E5F9-9A91-4A3B-8988-68D4AFF41B82}.Debug|Any CPU.Build.0 = Debug|Any CPU
		{0050E5F9-9A91-4A3B-8988-68D4AFF41B82}.Release|Any CPU.ActiveCfg = Release|Any CPU
		{0050E5F9-9A91-4A3B-8988-68D4AFF41B82}.Release|Any CPU.Build.0 = Release|Any CPU
	EndGlobalSection
	GlobalSection(SolutionProperties) = preSolution
		HideSolutionNode = FALSE
	EndGlobalSection
	GlobalSection(ExtensibilityGlobals) = postSolution
		SolutionGuid = {417B40E2-8063-45D5-A203-5786B1E21105}
	EndGlobalSection
EndGlobal
